
Microsoft Visual Studio Solution File, Format Version 12.00
# Visual Studio 15
VisualStudioVersion = 15.0.26730.15
MinimumVisualStudioVersion = 10.0.40219.1
Project("{FAE04EC0-301F-11D3-BF4B-00C04F79EFBC}") = "ConsoleApp1", "ConsoleApp1\ConsoleApp1.csproj", "{B08D11CB-8DB5-496C-BD62-A6195120A412}"
EndProject
Global
	GlobalSection(SolutionConfigurationPlatforms) = preSolution
		Debug|Any CPU = Debug|Any CPU
		Release|Any CPU = Release|Any CPU
	EndGlobalSection
	GlobalSection(ProjectConfigurationPlatforms) = postSolution
		{B08D11CB-8DB5-496C-BD62-A6195120A412}.Debug|Any CPU.ActiveCfg = Debug|Any CPU
		{B08D11CB-8DB5-496C-BD62-A6195120A412}.Debug|Any CPU.Build.0 = Debug|Any CPU
		{B08D11CB-8DB5-496C-BD62-A6195120A412}.Release|Any CPU.ActiveCfg = Release|Any CPU
		{B08D11CB-8DB5-496C-BD62-A6195120A412}.Release|Any CPU.Build.0 = Release|Any CPU
	EndGlobalSection
	GlobalSection(SolutionProperties) = preSolution
		HideSolutionNode = FALSE
	EndGlobalSection
	GlobalSection(ExtensibilityGlobals) = postSolution
		SolutionGuid = {D75E1845-D215-4381-AC00-576EDD3E1F0E}
	EndGlobalSection
EndGlobal
